// !$*UTF8*$!
{
	archiveVersion = 1;
	classes = {
	};
	objectVersion = 48;
	objects = {

/* Begin PBXBuildFile section */
		94367B0D1FDA3B9400DAC492 /* AppDelegate.swift in Sources */ = {isa = PBXBuildFile; fileRef = 94367B0C1FDA3B9400DAC492 /* AppDelegate.swift */; };
		94367B0F1FDA3B9400DAC492 /* Homepage.swift in Sources */ = {isa = PBXBuildFile; fileRef = 94367B0E1FDA3B9400DAC492 /* Homepage.swift */; };
		94367B121FDA3B9400DAC492 /* Main.storyboard in Resources */ = {isa = PBXBuildFile; fileRef = 94367B101FDA3B9400DAC492 /* Main.storyboard */; };
		94367B151FDA3B9400DAC492 /* CheckInTime.xcdatamodeld in Sources */ = {isa = PBXBuildFile; fileRef = 94367B131FDA3B9400DAC492 /* CheckInTime.xcdatamodeld */; };
		94367B171FDA3B9500DAC492 /* Assets.xcassets in Resources */ = {isa = PBXBuildFile; fileRef = 94367B161FDA3B9500DAC492 /* Assets.xcassets */; };
		94367B1A1FDA3B9500DAC492 /* LaunchScreen.storyboard in Resources */ = {isa = PBXBuildFile; fileRef = 94367B181FDA3B9500DAC492 /* LaunchScreen.storyboard */; };
		94367B251FDA3B9500DAC492 /* CheckInTimeTests.swift in Sources */ = {isa = PBXBuildFile; fileRef = 94367B241FDA3B9500DAC492 /* CheckInTimeTests.swift */; };
		94367B301FDA3B9500DAC492 /* CheckInTimeUITests.swift in Sources */ = {isa = PBXBuildFile; fileRef = 94367B2F1FDA3B9500DAC492 /* CheckInTimeUITests.swift */; };
		94367B401FDA3D3700DAC492 /* icon.png in Resources */ = {isa = PBXBuildFile; fileRef = 94367B3F1FDA3D3700DAC492 /* icon.png */; };
/* End PBXBuildFile section */

/* Begin PBXContainerItemProxy section */
		94367B211FDA3B9500DAC492 /* PBXContainerItemProxy */ = {
			isa = PBXContainerItemProxy;
			containerPortal = 94367B011FDA3B9400DAC492 /* Project object */;
			proxyType = 1;
			remoteGlobalIDString = 94367B081FDA3B9400DAC492;
			remoteInfo = CheckInTime;
		};
		94367B2C1FDA3B9500DAC492 /* PBXContainerItemProxy */ = {
			isa = PBXContainerItemProxy;
			containerPortal = 94367B011FDA3B9400DAC492 /* Project object */;
			proxyType = 1;
			remoteGlobalIDString = 94367B081FDA3B9400DAC492;
			remoteInfo = CheckInTime;
		};
/* End PBXContainerItemProxy section */

/* Begin PBXFileReference section */
		94367B091FDA3B9400DAC492 /* CheckInTime.app */ = {isa = PBXFileReference; explicitFileType = wrapper.application; includeInIndex = 0; path = CheckInTime.app; sourceTree = BUILT_PRODUCTS_DIR; };
		94367B0C1FDA3B9400DAC492 /* AppDelegate.swift */ = {isa = PBXFileReference; lastKnownFileType = sourcecode.swift; path = AppDelegate.swift; sourceTree = "<group>"; };
		94367B0E1FDA3B9400DAC492 /* Homepage.swift */ = {isa = PBXFileReference; lastKnownFileType = sourcecode.swift; path = Homepage.swift; sourceTree = "<group>"; };
		94367B111FDA3B9400DAC492 /* Base */ = {isa = PBXFileReference; lastKnownFileType = file.storyboard; name = Base; path = Base.lproj/Main.storyboard; sourceTree = "<group>"; };
		94367B141FDA3B9400DAC492 /* CheckInTime.xcdatamodel */ = {isa = PBXFileReference; lastKnownFileType = wrapper.xcdatamodel; path = CheckInTime.xcdatamodel; sourceTree = "<group>"; };
		94367B161FDA3B9500DAC492 /* Assets.xcassets */ = {isa = PBXFileReference; lastKnownFileType = folder.assetcatalog; path = Assets.xcassets; sourceTree = "<group>"; };
		94367B191FDA3B9500DAC492 /* Base */ = {isa = PBXFileReference; lastKnownFileType = file.storyboard; name = Base; path = Base.lproj/LaunchScreen.storyboard; sourceTree = "<group>"; };
		94367B1B1FDA3B9500DAC492 /* Info.plist */ = {isa = PBXFileReference; lastKnownFileType = text.plist.xml; path = Info.plist; sourceTree = "<group>"; };
		94367B201FDA3B9500DAC492 /* CheckInTimeTests.xctest */ = {isa = PBXFileReference; explicitFileType = wrapper.cfbundle; includeInIndex = 0; path = CheckInTimeTests.xctest; sourceTree = BUILT_PRODUCTS_DIR; };
		94367B241FDA3B9500DAC492 /* CheckInTimeTests.swift */ = {isa = PBXFileReference; lastKnownFileType = sourcecode.swift; path = CheckInTimeTests.swift; sourceTree = "<group>"; };
		94367B261FDA3B9500DAC492 /* Info.plist */ = {isa = PBXFileReference; lastKnownFileType = text.plist.xml; path = Info.plist; sourceTree = "<group>"; };
		94367B2B1FDA3B9500DAC492 /* CheckInTimeUITests.xctest */ = {isa = PBXFileReference; explicitFileType = wrapper.cfbundle; includeInIndex = 0; path = CheckInTimeUITests.xctest; sourceTree = BUILT_PRODUCTS_DIR; };
		94367B2F1FDA3B9500DAC492 /* CheckInTimeUITests.swift */ = {isa = PBXFileReference; lastKnownFileType = sourcecode.swift; path = CheckInTimeUITests.swift; sourceTree = "<group>"; };
		94367B311FDA3B9500DAC492 /* Info.plist */ = {isa = PBXFileReference; lastKnownFileType = text.plist.xml; path = Info.plist; sourceTree = "<group>"; };
		94367B3F1FDA3D3700DAC492 /* icon.png */ = {isa = PBXFileReference; lastKnownFileType = image.png; path = icon.png; sourceTree = "<group>"; };
/* End PBXFileReference section */

/* Begin PBXFrameworksBuildPhase section */
		94367B061FDA3B9400DAC492 /* Frameworks */ = {
			isa = PBXFrameworksBuildPhase;
			buildActionMask = 2147483647;
			files = (
			);
			runOnlyForDeploymentPostprocessing = 0;
		};
		94367B1D1FDA3B9500DAC492 /* Frameworks */ = {
			isa = PBXFrameworksBuildPhase;
			buildActionMask = 2147483647;
			files = (
			);
			runOnlyForDeploymentPostprocessing = 0;
		};
		94367B281FDA3B9500DAC492 /* Frameworks */ = {
			isa = PBXFrameworksBuildPhase;
			buildActionMask = 2147483647;
			files = (
			);
			runOnlyForDeploymentPostprocessing = 0;
		};
/* End PBXFrameworksBuildPhase section */

/* Begin PBXGroup section */
		94367B001FDA3B9400DAC492 = {
			isa = PBXGroup;
			children = (
				94367B0B1FDA3B9400DAC492 /* CheckInTime */,
				94367B231FDA3B9500DAC492 /* CheckInTimeTests */,
				94367B2E1FDA3B9500DAC492 /* CheckInTimeUITests */,
				94367B0A1FDA3B9400DAC492 /* Products */,
			);
			sourceTree = "<group>";
		};
		94367B0A1FDA3B9400DAC492 /* Products */ = {
			isa = PBXGroup;
			children = (
				94367B091FDA3B9400DAC492 /* CheckInTime.app */,
				94367B201FDA3B9500DAC492 /* CheckInTimeTests.xctest */,
				94367B2B1FDA3B9500DAC492 /* CheckInTimeUITests.xctest */,
			);
			name = Products;
			sourceTree = "<group>";
		};
		94367B0B1FDA3B9400DAC492 /* CheckInTime */ = {
			isa = PBXGroup;
			children = (
				94367B3D1FDA3D1500DAC492 /* src */,
				94367B0C1FDA3B9400DAC492 /* AppDelegate.swift */,
				94367B101FDA3B9400DAC492 /* Main.storyboard */,
				94367B161FDA3B9500DAC492 /* Assets.xcassets */,
				94367B181FDA3B9500DAC492 /* LaunchScreen.storyboard */,
				94367B1B1FDA3B9500DAC492 /* Info.plist */,
				94367B131FDA3B9400DAC492 /* CheckInTime.xcdatamodeld */,
			);
			path = CheckInTime;
			sourceTree = "<group>";
		};
		94367B231FDA3B9500DAC492 /* CheckInTimeTests */ = {
			isa = PBXGroup;
			children = (
				94367B241FDA3B9500DAC492 /* CheckInTimeTests.swift */,
				94367B261FDA3B9500DAC492 /* Info.plist */,
			);
			path = CheckInTimeTests;
			sourceTree = "<group>";
		};
		94367B2E1FDA3B9500DAC492 /* CheckInTimeUITests */ = {
			isa = PBXGroup;
			children = (
				94367B2F1FDA3B9500DAC492 /* CheckInTimeUITests.swift */,
				94367B311FDA3B9500DAC492 /* Info.plist */,
			);
			path = CheckInTimeUITests;
			sourceTree = "<group>";
		};
		94367B3D1FDA3D1500DAC492 /* src */ = {
			isa = PBXGroup;
			children = (
				94367B0E1FDA3B9400DAC492 /* Homepage.swift */,
				94367B3E1FDA3D2700DAC492 /* img */,
			);
			path = src;
			sourceTree = "<group>";
		};
		94367B3E1FDA3D2700DAC492 /* img */ = {
			isa = PBXGroup;
			children = (
				94367B3F1FDA3D3700DAC492 /* icon.png */,
			);
			path = img;
			sourceTree = "<group>";
		};
/* End PBXGroup section */

/* Begin PBXNativeTarget section */
		94367B081FDA3B9400DAC492 /* CheckInTime */ = {
			isa = PBXNativeTarget;
			buildConfigurationList = 94367B341FDA3B9500DAC492 /* Build configuration list for PBXNativeTarget "CheckInTime" */;
			buildPhases = (
				94367B051FDA3B9400DAC492 /* Sources */,
				94367B061FDA3B9400DAC492 /* Frameworks */,
				94367B071FDA3B9400DAC492 /* Resources */,
			);
			buildRules = (
			);
			dependencies = (
			);
			name = CheckInTime;
			productName = CheckInTime;
			productReference = 94367B091FDA3B9400DAC492 /* CheckInTime.app */;
			productType = "com.apple.product-type.application";
		};
		94367B1F1FDA3B9500DAC492 /* CheckInTimeTests */ = {
			isa = PBXNativeTarget;
			buildConfigurationList = 94367B371FDA3B9500DAC492 /* Build configuration list for PBXNativeTarget "CheckInTimeTests" */;
			buildPhases = (
				94367B1C1FDA3B9500DAC492 /* Sources */,
				94367B1D1FDA3B9500DAC492 /* Frameworks */,
				94367B1E1FDA3B9500DAC492 /* Resources */,
			);
			buildRules = (
			);
			dependencies = (
				94367B221FDA3B9500DAC492 /* PBXTargetDependency */,
			);
			name = CheckInTimeTests;
			productName = CheckInTimeTests;
			productReference = 94367B201FDA3B9500DAC492 /* CheckInTimeTests.xctest */;
			productType = "com.apple.product-type.bundle.unit-test";
		};
		94367B2A1FDA3B9500DAC492 /* CheckInTimeUITests */ = {
			isa = PBXNativeTarget;
			buildConfigurationList = 94367B3A1FDA3B9500DAC492 /* Build configuration list for PBXNativeTarget "CheckInTimeUITests" */;
			buildPhases = (
				94367B271FDA3B9500DAC492 /* Sources */,
				94367B281FDA3B9500DAC492 /* Frameworks */,
				94367B291FDA3B9500DAC492 /* Resources */,
			);
			buildRules = (
			);
			dependencies = (
				94367B2D1FDA3B9500DAC492 /* PBXTargetDependency */,
			);
			name = CheckInTimeUITests;
			productName = CheckInTimeUITests;
			productReference = 94367B2B1FDA3B9500DAC492 /* CheckInTimeUITests.xctest */;
			productType = "com.apple.product-type.bundle.ui-testing";
		};
/* End PBXNativeTarget section */

/* Begin PBXProject section */
		94367B011FDA3B9400DAC492 /* Project object */ = {
			isa = PBXProject;
			attributes = {
				LastSwiftUpdateCheck = 0910;
				LastUpgradeCheck = 0910;
				ORGANIZATIONNAME = "Dat Tran";
				TargetAttributes = {
					94367B081FDA3B9400DAC492 = {
						CreatedOnToolsVersion = 9.1;
						ProvisioningStyle = Automatic;
					};
					94367B1F1FDA3B9500DAC492 = {
						CreatedOnToolsVersion = 9.1;
						ProvisioningStyle = Automatic;
						TestTargetID = 94367B081FDA3B9400DAC492;
					};
					94367B2A1FDA3B9500DAC492 = {
						CreatedOnToolsVersion = 9.1;
						ProvisioningStyle = Automatic;
						TestTargetID = 94367B081FDA3B9400DAC492;
					};
				};
			};
			buildConfigurationList = 94367B041FDA3B9400DAC492 /* Build configuration list for PBXProject "CheckInTime" */;
			compatibilityVersion = "Xcode 8.0";
			developmentRegion = en;
			hasScannedForEncodings = 0;
			knownRegions = (
				en,
				Base,
			);
			mainGroup = 94367B001FDA3B9400DAC492;
			productRefGroup = 94367B0A1FDA3B9400DAC492 /* Products */;
			projectDirPath = "";
			projectRoot = "";
			targets = (
				94367B081FDA3B9400DAC492 /* CheckInTime */,
				94367B1F1FDA3B9500DAC492 /* CheckInTimeTests */,
				94367B2A1FDA3B9500DAC492 /* CheckInTimeUITests */,
			);
		};
/* End PBXProject section */

/* Begin PBXResourcesBuildPhase section */
		94367B071FDA3B9400DAC492 /* Resources */ = {
			isa = PBXResourcesBuildPhase;
			buildActionMask = 2147483647;
			files = (
				94367B401FDA3D3700DAC492 /* icon.png in Resources */,
				94367B1A1FDA3B9500DAC492 /* LaunchScreen.storyboard in Resources */,
				94367B171FDA3B9500DAC492 /* Assets.xcassets in Resources */,
				94367B121FDA3B9400DAC492 /* Main.storyboard in Resources */,
			);
			runOnlyForDeploymentPostprocessing = 0;
		};
		94367B1E1FDA3B9500DAC492 /* Resources */ = {
			isa = PBXResourcesBuildPhase;
			buildActionMask = 2147483647;
			files = (
			);
			runOnlyForDeploymentPostprocessing = 0;
		};
		94367B291FDA3B9500DAC492 /* Resources */ = {
			isa = PBXResourcesBuildPhase;
			buildActionMask = 2147483647;
			files = (
			);
			runOnlyForDeploymentPostprocessing = 0;
		};
/* End PBXResourcesBuildPhase section */

/* Begin PBXSourcesBuildPhase section */
		94367B051FDA3B9400DAC492 /* Sources */ = {
			isa = PBXSourcesBuildPhase;
			buildActionMask = 2147483647;
			files = (
				94367B0F1FDA3B9400DAC492 /* Homepage.swift in Sources */,
				94367B0D1FDA3B9400DAC492 /* AppDelegate.swift in Sources */,
				94367B151FDA3B9400DAC492 /* CheckInTime.xcdatamodeld in Sources */,
			);
			runOnlyForDeploymentPostprocessing = 0;
		};
		94367B1C1FDA3B9500DAC492 /* Sources */ = {
			isa = PBXSourcesBuildPhase;
			buildActionMask = 2147483647;
			files = (
				94367B251FDA3B9500DAC492 /* CheckInTimeTests.swift in Sources */,
			);
			runOnlyForDeploymentPostprocessing = 0;
		};
		94367B271FDA3B9500DAC492 /* Sources */ = {
			isa = PBXSourcesBuildPhase;
			buildActionMask = 2147483647;
			files = (
				94367B301FDA3B9500DAC492 /* CheckInTimeUITests.swift in Sources */,
			);
			runOnlyForDeploymentPostprocessing = 0;
		};
/* End PBXSourcesBuildPhase section */

/* Begin PBXTargetDependency section */
		94367B221FDA3B9500DAC492 /* PBXTargetDependency */ = {
			isa = PBXTargetDependency;
			target = 94367B081FDA3B9400DAC492 /* CheckInTime */;
			targetProxy = 94367B211FDA3B9500DAC492 /* PBXContainerItemProxy */;
		};
		94367B2D1FDA3B9500DAC492 /* PBXTargetDependency */ = {
			isa = PBXTargetDependency;
			target = 94367B081FDA3B9400DAC492 /* CheckInTime */;
			targetProxy = 94367B2C1FDA3B9500DAC492 /* PBXContainerItemProxy */;
		};
/* End PBXTargetDependency section */

/* Begin PBXVariantGroup section */
		94367B101FDA3B9400DAC492 /* Main.storyboard */ = {
			isa = PBXVariantGroup;
			children = (
				94367B111FDA3B9400DAC492 /* Base */,
			);
			name = Main.storyboard;
			sourceTree = "<group>";
		};
		94367B181FDA3B9500DAC492 /* LaunchScreen.storyboard */ = {
			isa = PBXVariantGroup;
			children = (
				94367B191FDA3B9500DAC492 /* Base */,
			);
			name = LaunchScreen.storyboard;
			sourceTree = "<group>";
		};
/* End PBXVariantGroup section */

/* Begin XCBuildConfiguration section */
		94367B321FDA3B9500DAC492 /* Debug */ = {
			isa = XCBuildConfiguration;
			buildSettings = {
				ALWAYS_SEARCH_USER_PATHS = NO;
				CLANG_ANALYZER_NONNULL = YES;
				CLANG_ANALYZER_NUMBER_OBJECT_CONVERSION = YES_AGGRESSIVE;
				CLANG_CXX_LANGUAGE_STANDARD = "gnu++14";
				CLANG_CXX_LIBRARY = "libc++";
				CLANG_ENABLE_MODULES = YES;
				CLANG_ENABLE_OBJC_ARC = YES;
				CLANG_WARN_BLOCK_CAPTURE_AUTORELEASING = YES;
				CLANG_WARN_BOOL_CONVERSION = YES;
				CLANG_WARN_COMMA = YES;
				CLANG_WARN_CONSTANT_CONVERSION = YES;
				CLANG_WARN_DIRECT_OBJC_ISA_USAGE = YES_ERROR;
				CLANG_WARN_DOCUMENTATION_COMMENTS = YES;
				CLANG_WARN_EMPTY_BODY = YES;
				CLANG_WARN_ENUM_CONVERSION = YES;
				CLANG_WARN_INFINITE_RECURSION = YES;
				CLANG_WARN_INT_CONVERSION = YES;
				CLANG_WARN_NON_LITERAL_NULL_CONVERSION = YES;
				CLANG_WARN_OBJC_LITERAL_CONVERSION = YES;
				CLANG_WARN_OBJC_ROOT_CLASS = YES_ERROR;
				CLANG_WARN_RANGE_LOOP_ANALYSIS = YES;
				CLANG_WARN_STRICT_PROTOTYPES = YES;
				CLANG_WARN_SUSPICIOUS_MOVE = YES;
				CLANG_WARN_UNGUARDED_AVAILABILITY = YES_AGGRESSIVE;
				CLANG_WARN_UNREACHABLE_CODE = YES;
				CLANG_WARN__DUPLICATE_METHOD_MATCH = YES;
				CODE_SIGN_IDENTITY = "iPhone Developer";
				COPY_PHASE_STRIP = NO;
				DEBUG_INFORMATION_FORMAT = dwarf;
				ENABLE_STRICT_OBJC_MSGSEND = YES;
				ENABLE_TESTABILITY = YES;
				GCC_C_LANGUAGE_STANDARD = gnu11;
				GCC_DYNAMIC_NO_PIC = NO;
				GCC_NO_COMMON_BLOCKS = YES;
				GCC_OPTIMIZATION_LEVEL = 0;
				GCC_PREPROCESSOR_DEFINITIONS = (
					"DEBUG=1",
					"$(inherited)",
				);
				GCC_WARN_64_TO_32_BIT_CONVERSION = YES;
				GCC_WARN_ABOUT_RETURN_TYPE = YES_ERROR;
				GCC_WARN_UNDECLARED_SELECTOR = YES;
				GCC_WARN_UNINITIALIZED_AUTOS = YES_AGGRESSIVE;
				GCC_WARN_UNUSED_FUNCTION = YES;
				GCC_WARN_UNUSED_VARIABLE = YES;
				IPHONEOS_DEPLOYMENT_TARGET = 11.1;
				MTL_ENABLE_DEBUG_INFO = YES;
				ONLY_ACTIVE_ARCH = YES;
				SDKROOT = iphoneos;
				SWIFT_ACTIVE_COMPILATION_CONDITIONS = DEBUG;
				SWIFT_OPTIMIZATION_LEVEL = "-Onone";
			};
			name = Debug;
		};
		94367B331FDA3B9500DAC492 /* Release */ = {
			isa = XCBuildConfiguration;
			buildSettings = {
				ALWAYS_SEARCH_USER_PATHS = NO;
				CLANG_ANALYZER_NONNULL = YES;
				CLANG_ANALYZER_NUMBER_OBJECT_CONVERSION = YES_AGGRESSIVE;
				CLANG_CXX_LANGUAGE_STANDARD = "gnu++14";
				CLANG_CXX_LIBRARY = "libc++";
				CLANG_ENABLE_MODULES = YES;
				CLANG_ENABLE_OBJC_ARC = YES;
				CLANG_WARN_BLOCK_CAPTURE_AUTORELEASING = YES;
				CLANG_WARN_BOOL_CONVERSION = YES;
				CLANG_WARN_COMMA = YES;
				CLANG_WARN_CONSTANT_CONVERSION = YES;
				CLANG_WARN_DIRECT_OBJC_ISA_USAGE = YES_ERROR;
				CLANG_WARN_DOCUMENTATION_COMMENTS = YES;
				CLANG_WARN_EMPTY_BODY = YES;
				CLANG_WARN_ENUM_CONVERSION = YES;
				CLANG_WARN_INFINITE_RECURSION = YES;
				CLANG_WARN_INT_CONVERSION = YES;
				CLANG_WARN_NON_LITERAL_NULL_CONVERSION = YES;
				CLANG_WARN_OBJC_LITERAL_CONVERSION = YES;
				CLANG_WARN_OBJC_ROOT_CLASS = YES_ERROR;
				CLANG_WARN_RANGE_LOOP_ANALYSIS = YES;
				CLANG_WARN_STRICT_PROTOTYPES = YES;
				CLANG_WARN_SUSPICIOUS_MOVE = YES;
				CLANG_WARN_UNGUARDED_AVAILABILITY = YES_AGGRESSIVE;
				CLANG_WARN_UNREACHABLE_CODE = YES;
				CLANG_WARN__DUPLICATE_METHOD_MATCH = YES;
				CODE_SIGN_IDENTITY = "iPhone Developer";
				COPY_PHASE_STRIP = NO;
				DEBUG_INFORMATION_FORMAT = "dwarf-with-dsym";
				ENABLE_NS_ASSERTIONS = NO;
				ENABLE_STRICT_OBJC_MSGSEND = YES;
				GCC_C_LANGUAGE_STANDARD = gnu11;
				GCC_NO_COMMON_BLOCKS = YES;
				GCC_WARN_64_TO_32_BIT_CONVERSION = YES;
				GCC_WARN_ABOUT_RETURN_TYPE = YES_ERROR;
				GCC_WARN_UNDECLARED_SELECTOR = YES;
				GCC_WARN_UNINITIALIZED_AUTOS = YES_AGGRESSIVE;
				GCC_WARN_UNUSED_FUNCTION = YES;
				GCC_WARN_UNUSED_VARIABLE = YES;
				IPHONEOS_DEPLOYMENT_TARGET = 11.1;
				MTL_ENABLE_DEBUG_INFO = NO;
				SDKROOT = iphoneos;
				SWIFT_OPTIMIZATION_LEVEL = "-Owholemodule";
				VALIDATE_PRODUCT = YES;
			};
			name = Release;
		};
		94367B351FDA3B9500DAC492 /* Debug */ = {
			isa = XCBuildConfiguration;
			buildSettings = {
				ASSETCATALOG_COMPILER_APPICON_NAME = AppIcon;
				CODE_SIGN_STYLE = Automatic;
				DEVELOPMENT_TEAM = 5876V75LV3;
				INFOPLIST_FILE = CheckInTime/Info.plist;
				LD_RUNPATH_SEARCH_PATHS = "$(inherited) @executable_path/Frameworks";
				PRODUCT_BUNDLE_IDENTIFIER = DatTran.CheckInTime;
				PRODUCT_NAME = "$(TARGET_NAME)";
				SWIFT_VERSION = 4.0;
				TARGETED_DEVICE_FAMILY = "1,2";
			};
			name = Debug;
		};
		94367B361FDA3B9500DAC492 /* Release */ = {
			isa = XCBuildConfiguration;
			buildSettings = {
				ASSETCATALOG_COMPILER_APPICON_NAME = AppIcon;
				CODE_SIGN_STYLE = Automatic;
				DEVELOPMENT_TEAM = 5876V75LV3;
				INFOPLIST_FILE = CheckInTime/Info.plist;
				LD_RUNPATH_SEARCH_PATHS = "$(inherited) @executable_path/Frameworks";
				PRODUCT_BUNDLE_IDENTIFIER = DatTran.CheckInTime;
				PRODUCT_NAME = "$(TARGET_NAME)";
				SWIFT_VERSION = 4.0;
				TARGETED_DEVICE_FAMILY = "1,2";
			};
			name = Release;
		};
		94367B381FDA3B9500DAC492 /* Debug */ = {
			isa = XCBuildConfiguration;
			buildSettings = {
				ALWAYS_EMBED_SWIFT_STANDARD_LIBRARIES = YES;
				BUNDLE_LOADER = "$(TEST_HOST)";
				CODE_SIGN_STYLE = Automatic;
				DEVELOPMENT_TEAM = 5876V75LV3;
				INFOPLIST_FILE = CheckInTimeTests/Info.plist;
				LD_RUNPATH_SEARCH_PATHS = "$(inherited) @executable_path/Frameworks @loader_path/Frameworks";
				PRODUCT_BUNDLE_IDENTIFIER = DatTran.CheckInTimeTests;
				PRODUCT_NAME = "$(TARGET_NAME)";
				SWIFT_VERSION = 4.0;
				TARGETED_DEVICE_FAMILY = "1,2";
				TEST_HOST = "$(BUILT_PRODUCTS_DIR)/CheckInTime.app/CheckInTime";
			};
			name = Debug;
		};
		94367B391FDA3B9500DAC492 /* Release */ = {
			isa = XCBuildConfiguration;
			buildSettings = {
				ALWAYS_EMBED_SWIFT_STANDARD_LIBRARIES = YES;
				BUNDLE_LOADER = "$(TEST_HOST)";
				CODE_SIGN_STYLE = Automatic;
				DEVELOPMENT_TEAM = 5876V75LV3;
				INFOPLIST_FILE = CheckInTimeTests/Info.plist;
				LD_RUNPATH_SEARCH_PATHS = "$(inherited) @executable_path/Frameworks @loader_path/Frameworks";
				PRODUCT_BUNDLE_IDENTIFIER = DatTran.CheckInTimeTests;
				PRODUCT_NAME = "$(TARGET_NAME)";
				SWIFT_VERSION = 4.0;
				TARGETED_DEVICE_FAMILY = "1,2";
				TEST_HOST = "$(BUILT_PRODUCTS_DIR)/CheckInTime.app/CheckInTime";
			};
			name = Release;
		};
		94367B3B1FDA3B9500DAC492 /* Debug */ = {
			isa = XCBuildConfiguration;
			buildSettings = {
				ALWAYS_EMBED_SWIFT_STANDARD_LIBRARIES = YES;
				CODE_SIGN_STYLE = Automatic;
				DEVELOPMENT_TEAM = 5876V75LV3;
				INFOPLIST_FILE = CheckInTimeUITests/Info.plist;
				LD_RUNPATH_SEARCH_PATHS = "$(inherited) @executable_path/Frameworks @loader_path/Frameworks";
				PRODUCT_BUNDLE_IDENTIFIER = DatTran.CheckInTimeUITests;
				PRODUCT_NAME = "$(TARGET_NAME)";
				SWIFT_VERSION = 4.0;
				TARGETED_DEVICE_FAMILY = "1,2";
				TEST_TARGET_NAME = CheckInTime;
			};
			name = Debug;
		};
		94367B3C1FDA3B9500DAC492 /* Release */ = {
			isa = XCBuildConfiguration;
			buildSettings = {
				ALWAYS_EMBED_SWIFT_STANDARD_LIBRARIES = YES;
				CODE_SIGN_STYLE = Automatic;
				DEVELOPMENT_TEAM = 5876V75LV3;
				INFOPLIST_FILE = CheckInTimeUITests/Info.plist;
				LD_RUNPATH_SEARCH_PATHS = "$(inherited) @executable_path/Frameworks @loader_path/Frameworks";
				PRODUCT_BUNDLE_IDENTIFIER = DatTran.CheckInTimeUITests;
				PRODUCT_NAME = "$(TARGET_NAME)";
				SWIFT_VERSION = 4.0;
				TARGETED_DEVICE_FAMILY = "1,2";
				TEST_TARGET_NAME = CheckInTime;
			};
			name = Release;
		};
/* End XCBuildConfiguration section */

/* Begin XCConfigurationList section */
		94367B041FDA3B9400DAC492 /* Build configuration list for PBXProject "CheckInTime" */ = {
			isa = XCConfigurationList;
			buildConfigurations = (
				94367B321FDA3B9500DAC492 /* Debug */,
				94367B331FDA3B9500DAC492 /* Release */,
			);
			defaultConfigurationIsVisible = 0;
			defaultConfigurationName = Release;
		};
		94367B341FDA3B9500DAC492 /* Build configuration list for PBXNativeTarget "CheckInTime" */ = {
			isa = XCConfigurationList;
			buildConfigurations = (
				94367B351FDA3B9500DAC492 /* Debug */,
				94367B361FDA3B9500DAC492 /* Release */,
			);
			defaultConfigurationIsVisible = 0;
			defaultConfigurationName = Release;
		};
		94367B371FDA3B9500DAC492 /* Build configuration list for PBXNativeTarget "CheckInTimeTests" */ = {
			isa = XCConfigurationList;
			buildConfigurations = (
				94367B381FDA3B9500DAC492 /* Debug */,
				94367B391FDA3B9500DAC492 /* Release */,
			);
			defaultConfigurationIsVisible = 0;
			defaultConfigurationName = Release;
		};
		94367B3A1FDA3B9500DAC492 /* Build configuration list for PBXNativeTarget "CheckInTimeUITests" */ = {
			isa = XCConfigurationList;
			buildConfigurations = (
				94367B3B1FDA3B9500DAC492 /* Debug */,
				94367B3C1FDA3B9500DAC492 /* Release */,
			);
			defaultConfigurationIsVisible = 0;
			defaultConfigurationName = Release;
		};
/* End XCConfigurationList section */

/* Begin XCVersionGroup section */
		94367B131FDA3B9400DAC492 /* CheckInTime.xcdatamodeld */ = {
			isa = XCVersionGroup;
			children = (
				94367B141FDA3B9400DAC492 /* CheckInTime.xcdatamodel */,
			);
			currentVersion = 94367B141FDA3B9400DAC492 /* CheckInTime.xcdatamodel */;
			path = CheckInTime.xcdatamodeld;
			sourceTree = "<group>";
			versionGroupType = wrapper.xcdatamodel;
		};
/* End XCVersionGroup section */
	};
	rootObject = 94367B011FDA3B9400DAC492 /* Project object */;
}
